
Microsoft Visual Studio Solution File, Format Version 12.00
# Visual Studio Version 17
VisualStudioVersion = 17.8.34309.116
MinimumVisualStudioVersion = 10.0.40219.1
Project("{FAE04EC0-301F-11D3-BF4B-00C04F79EFBC}") = "Task_2", "Task_2\Task_2.csproj", "{10D2434E-3123-4905-A918-3C0FD49903EA}"
EndProject
Global
	GlobalSection(SolutionConfigurationPlatforms) = preSolution
		Debug|Any CPU = Debug|Any CPU
		Release|Any CPU = Release|Any CPU
	EndGlobalSection
	GlobalSection(ProjectConfigurationPlatforms) = postSolution
		{10D2434E-3123-4905-A918-3C0FD49903EA}.Debug|Any CPU.ActiveCfg = Debug|Any CPU
		{10D2434E-3123-4905-A918-3C0FD49903EA}.Debug|Any CPU.Build.0 = Debug|Any CPU
		{10D2434E-3123-4905-A918-3C0FD49903EA}.Release|Any CPU.ActiveCfg = Release|Any CPU
		{10D2434E-3123-4905-A918-3C0FD49903EA}.Release|Any CPU.Build.0 = Release|Any CPU
	EndGlobalSection
	GlobalSection(SolutionProperties) = preSolution
		HideSolutionNode = FALSE
	EndGlobalSection
	GlobalSection(ExtensibilityGlobals) = postSolution
		SolutionGuid = {6FA5B1A9-C3A3-4E42-B4E1-9D004D6DA7C8}
	EndGlobalSection
EndGlobal
